
Microsoft Visual Studio Solution File, Format Version 12.00
# Visual Studio Version 18
VisualStudioVersion = 18.5.11723.231
MinimumVisualStudioVersion = 10.0.40219.1
Project("{FAE04EC0-301F-11D3-BF4B-00C04F79EFBC}") = "ConsoleApp1", "ConsoleApp1\ConsoleApp1.csproj", "{9022CDAF-48B6-45B4-BE8B-4311FA93089E}"
EndProject
Project("{FAE04EC0-301F-11D3-BF4B-00C04F79EFBC}") = "ConsoleApp2", "ConsoleApp2\ConsoleApp2.csproj", "{F0115E68-AA0B-48E4-869E-21B9E7940BB4}"
EndProject
Project("{FAE04EC0-301F-11D3-BF4B-00C04F79EFBC}") = "ConsoleApp3", "ConsoleApp3\ConsoleApp3.csproj", "{DB6DA3B1-1300-4821-8D46-90C3B89527CD}"
EndProject
Global
	GlobalSection(SolutionConfigurationPlatforms) = preSolution
		Debug|Any CPU = Debug|Any CPU
		Release|Any CPU = Release|Any CPU
	EndGlobalSection
	GlobalSection(ProjectConfigurationPlatforms) = postSolution
		{9022CDAF-48B6-45B4-BE8B-4311FA93089E}.Debug|Any CPU.ActiveCfg = Debug|Any CPU
		{9022CDAF-48B6-45B4-BE8B-4311FA93089E}.Debug|Any CPU.Build.0 = Debug|Any CPU
		{9022CDAF-48B6-45B4-BE8B-4311FA93089E}.Release|Any CPU.ActiveCfg = Release|Any CPU
		{9022CDAF-48B6-45B4-BE8B-4311FA93089E}.Release|Any CPU.Build.0 = Release|Any CPU
		{F0115E68-AA0B-48E4-869E-21B9E7940BB4}.Debug|Any CPU.ActiveCfg = Debug|Any CPU
		{F0115E68-AA0B-48E4-869E-21B9E7940BB4}.Debug|Any CPU.Build.0 = Debug|Any CPU
		{F0115E68-AA0B-48E4-869E-21B9E7940BB4}.Release|Any CPU.ActiveCfg = Release|Any CPU
		{F0115E68-AA0B-48E4-869E-21B9E7940BB4}.Release|Any CPU.Build.0 = Release|Any CPU
		{DB6DA3B1-1300-4821-8D46-90C3B89527CD}.Debug|Any CPU.ActiveCfg = Debug|Any CPU
		{DB6DA3B1-1300-4821-8D46-90C3B89527CD}.Debug|Any CPU.Build.0 = Debug|Any CPU
		{DB6DA3B1-1300-4821-8D46-90C3B89527CD}.Release|Any CPU.ActiveCfg = Release|Any CPU
		{DB6DA3B1-1300-4821-8D46-90C3B89527CD}.Release|Any CPU.Build.0 = Release|Any CPU
	EndGlobalSection
	GlobalSection(SolutionProperties) = preSolution
		HideSolutionNode = FALSE
	EndGlobalSection
	GlobalSection(ExtensibilityGlobals) = postSolution
		SolutionGuid = {8E988D82-902F-4D79-A08B-55AF4DB159A5}
	EndGlobalSection
EndGlobal
